#MicroXplorer Configuration settings - do not modify
File.Version=6
KeepUserPlacement=true
Mcu.Family=STM32F4
Mcu.IP0=FSMC
Mcu.IP1=NVIC
Mcu.IP2=RCC
Mcu.IP3=SYS
Mcu.IP4=USB_DEVICE
Mcu.IP5=USB_OTG_FS
Mcu.IPNb=6
Mcu.Name=STM32F407V(E-G)Tx
Mcu.Package=LQFP100
Mcu.Pin0=PH0-OSC_IN
Mcu.Pin1=PH1-OSC_OUT
Mcu.Pin10=PA9
Mcu.Pin11=PA11
Mcu.Pin12=PA12
Mcu.Pin13=PD0
Mcu.Pin14=PD1
Mcu.Pin15=PD4
Mcu.Pin16=PD5
Mcu.Pin17=PD6
Mcu.Pin18=PD7
Mcu.Pin19=VP_SYS_VS_Systick
Mcu.Pin2=PE7
Mcu.Pin20=VP_USB_DEVICE_VS_USB_DEVICE_CDC_FS
Mcu.Pin3=PE8
Mcu.Pin4=PE9
Mcu.Pin5=PE10
Mcu.Pin6=PD11
Mcu.Pin7=PD12
Mcu.Pin8=PD14
Mcu.Pin9=PD15
Mcu.PinsNb=21
Mcu.UserConstants=
Mcu.UserName=STM32F407VGTx
MxCube.Version=4.22.0
MxDb.Version=DB.4.0.220
NVIC.BusFault_IRQn=true\:0\:0\:false\:false\:false
NVIC.DebugMonitor_IRQn=true\:0\:0\:false\:false\:false
NVIC.HardFault_IRQn=true\:0\:0\:false\:false\:false
NVIC.MemoryManagement_IRQn=true\:0\:0\:false\:false\:false
NVIC.NonMaskableInt_IRQn=true\:0\:0\:false\:false\:false
NVIC.OTG_FS_IRQn=true\:0\:0\:false\:false\:true
NVIC.PendSV_IRQn=true\:0\:0\:false\:false\:true
NVIC.PriorityGroup=NVIC_PRIORITYGROUP_0
NVIC.SVCall_IRQn=true\:0\:0\:false\:false\:true
NVIC.SysTick_IRQn=true\:0\:0\:false\:false\:true
NVIC.UsageFault_IRQn=true\:0\:0\:false\:false\:false
PA11.Mode=Device_Only
PA11.Signal=USB_OTG_FS_DM
PA12.Mode=Device_Only
PA12.Signal=USB_OTG_FS_DP
PA9.Mode=Activate_VBUS
PA9.Signal=USB_OTG_FS_VBUS
PCC.Checker=false
PCC.Line=STM32F407/417
PCC.MCU=STM32F407V(E-G)Tx
PCC.PartNumber=STM32F407VGTx
PCC.Seq0=0
PCC.Series=STM32F4
PCC.Temperature=25
PCC.Vdd=3.3
PD0.GPIOParameters=GPIO_PuPd,GPIO_Speed_High_Default,GPIO_Mode
PD0.GPIO_Mode=GPIO_MODE_AF_PP
PD0.GPIO_PuPd=GPIO_PULLUP
PD0.GPIO_Speed_High_Default=GPIO_SPEED_FREQ_VERY_HIGH
PD0.Locked=true
PD0.Mode=8b-dmux1
PD0.Signal=FSMC_D2
PD1.GPIOParameters=GPIO_PuPd,GPIO_Speed_High_Default,GPIO_Mode
PD1.GPIO_Mode=GPIO_MODE_AF_PP
PD1.GPIO_PuPd=GPIO_PULLUP
PD1.GPIO_Speed_High_Default=GPIO_SPEED_FREQ_VERY_HIGH
PD1.Locked=true
PD1.Mode=8b-dmux1
PD1.Signal=FSMC_D3
PD11.GPIOParameters=GPIO_PuPd,GPIO_Speed_High_Default,GPIO_Mode
PD11.GPIO_Mode=GPIO_MODE_AF_PP
PD11.GPIO_PuPd=GPIO_PULLUP
PD11.GPIO_Speed_High_Default=GPIO_SPEED_FREQ_VERY_HIGH
PD11.Locked=true
PD11.Mode=8b-dmux1
PD11.Signal=FSMC_CLE
PD12.GPIOParameters=GPIO_PuPd,GPIO_Speed_High_Default,GPIO_Mode
PD12.GPIO_Mode=GPIO_MODE_AF_PP
PD12.GPIO_PuPd=GPIO_PULLUP
PD12.GPIO_Speed_High_Default=GPIO_SPEED_FREQ_VERY_HIGH
PD12.Locked=true
PD12.Mode=8b-dmux1
PD12.Signal=FSMC_ALE
PD14.GPIOParameters=GPIO_PuPd,GPIO_Speed_High_Default,GPIO_Mode
PD14.GPIO_Mode=GPIO_MODE_AF_PP
PD14.GPIO_PuPd=GPIO_PULLUP
PD14.GPIO_Speed_High_Default=GPIO_SPEED_FREQ_VERY_HIGH
PD14.Locked=true
PD14.Mode=8b-dmux1
PD14.Signal=FSMC_D0
PD15.GPIOParameters=GPIO_PuPd,GPIO_Speed_High_Default,GPIO_Mode
PD15.GPIO_Mode=GPIO_MODE_AF_PP
PD15.GPIO_PuPd=GPIO_PULLUP
PD15.GPIO_Speed_High_Default=GPIO_SPEED_FREQ_VERY_HIGH
PD15.Locked=true
PD15.Mode=8b-dmux1
PD15.Signal=FSMC_D1
PD4.GPIOParameters=GPIO_PuPd,GPIO_Speed_High_Default,GPIO_Mode
PD4.GPIO_Mode=GPIO_MODE_AF_PP
PD4.GPIO_PuPd=GPIO_PULLUP
PD4.GPIO_Speed_High_Default=GPIO_SPEED_FREQ_VERY_HIGH
PD4.Locked=true
PD4.Mode=8b-dmux1
PD4.Signal=FSMC_NOE
PD5.GPIOParameters=GPIO_PuPd,GPIO_Speed_High_Default,GPIO_Mode
PD5.GPIO_Mode=GPIO_MODE_AF_PP
PD5.GPIO_PuPd=GPIO_PULLUP
PD5.GPIO_Speed_High_Default=GPIO_SPEED_FREQ_VERY_HIGH
PD5.Locked=true
PD5.Mode=8b-dmux1
PD5.Signal=FSMC_NWE
PD6.GPIOParameters=GPIO_PuPd,GPIO_Speed_High_Default,GPIO_Mode
PD6.GPIO_Mode=GPIO_MODE_AF_PP
PD6.GPIO_PuPd=GPIO_PULLUP
PD6.GPIO_Speed_High_Default=GPIO_SPEED_FREQ_VERY_HIGH
PD6.Locked=true
PD6.Mode=Wait1
PD6.Signal=FSMC_NWAIT
PD7.GPIOParameters=GPIO_PuPd,GPIO_Speed_High_Default,GPIO_Mode
PD7.GPIO_Mode=GPIO_MODE_AF_PP
PD7.GPIO_PuPd=GPIO_PULLUP
PD7.GPIO_Speed_High_Default=GPIO_SPEED_FREQ_VERY_HIGH
PD7.Locked=true
PD7.Mode=NandChipSelect2_1
PD7.Signal=FSMC_NCE2
PE10.GPIOParameters=GPIO_PuPd,GPIO_Speed_High_Default,GPIO_Mode
PE10.GPIO_Mode=GPIO_MODE_AF_PP
PE10.GPIO_PuPd=GPIO_PULLUP
PE10.GPIO_Speed_High_Default=GPIO_SPEED_FREQ_VERY_HIGH
PE10.Locked=true
PE10.Mode=8b-dmux1
PE10.Signal=FSMC_D7
PE7.GPIOParameters=GPIO_PuPd,GPIO_Speed_High_Default,GPIO_Mode
PE7.GPIO_Mode=GPIO_MODE_AF_PP
PE7.GPIO_PuPd=GPIO_PULLUP
PE7.GPIO_Speed_High_Default=GPIO_SPEED_FREQ_VERY_HIGH
PE7.Locked=true
PE7.Mode=8b-dmux1
PE7.Signal=FSMC_D4
PE8.GPIOParameters=GPIO_PuPd,GPIO_Speed_High_Default,GPIO_Mode
PE8.GPIO_Mode=GPIO_MODE_AF_PP
PE8.GPIO_PuPd=GPIO_PULLUP
PE8.GPIO_Speed_High_Default=GPIO_SPEED_FREQ_VERY_HIGH
PE8.Locked=true
PE8.Mode=8b-dmux1
PE8.Signal=FSMC_D5
PE9.GPIOParameters=GPIO_PuPd,GPIO_Speed_High_Default,GPIO_Mode
PE9.GPIO_Mode=GPIO_MODE_AF_PP
PE9.GPIO_PuPd=GPIO_PULLUP
PE9.GPIO_Speed_High_Default=GPIO_SPEED_FREQ_VERY_HIGH
PE9.Locked=true
PE9.Mode=8b-dmux1
PE9.Signal=FSMC_D6
PH0-OSC_IN.Mode=HSE-External-Oscillator
PH0-OSC_IN.Signal=RCC_OSC_IN
PH1-OSC_OUT.Mode=HSE-External-Oscillator
PH1-OSC_OUT.Signal=RCC_OSC_OUT
PinOutPanel.RotationAngle=0
ProjectManager.AskForMigrate=true
ProjectManager.BackupPrevious=false
ProjectManager.CompilerOptimize=2
ProjectManager.ComputerToolchain=false
ProjectManager.CoupleFile=false
ProjectManager.CustomerFirmwarePackage=
ProjectManager.DefaultFWLocation=true
ProjectManager.DeletePrevious=true
ProjectManager.DeviceId=STM32F407VGTx
ProjectManager.FirmwarePackage=STM32Cube FW_F4 V1.16.0
ProjectManager.FreePins=false
ProjectManager.HalAssertFull=false
ProjectManager.HeapSize=0x200
ProjectManager.KeepUserCode=true
ProjectManager.LastFirmware=true
ProjectManager.LibraryCopy=1
ProjectManager.PreviousToolchain=SW4STM32
ProjectManager.ProjectBuild=false
ProjectManager.ProjectFileName=nand.ioc
ProjectManager.ProjectName=nand
ProjectManager.StackSize=0x400
ProjectManager.TargetToolchain=SW4STM32
ProjectManager.ToolChainLocation=C\:\\Users\\maximus\\Documents\\projects\\nand\\nand
ProjectManager.UnderRoot=true
ProjectManager.functionlistsort=1-MX_GPIO_Init-GPIO-false-HAL,2-SystemClock_Config-RCC-false-HAL,3-MX_FSMC_Init-FSMC-false-HAL,4-MX_USB_DEVICE_Init-USB_DEVICE-false-HAL
RCC.48MHZClocksFreq_Value=48000000
RCC.AHBFreq_Value=168000000
RCC.APB1CLKDivider=RCC_HCLK_DIV4
RCC.APB1Freq_Value=42000000
RCC.APB1TimFreq_Value=84000000
RCC.APB2CLKDivider=RCC_HCLK_DIV2
RCC.APB2Freq_Value=84000000
RCC.APB2TimFreq_Value=168000000
RCC.CortexFreq_Value=168000000
RCC.EthernetFreq_Value=168000000
RCC.FCLKCortexFreq_Value=168000000
RCC.FamilyName=M
RCC.HCLKFreq_Value=168000000
RCC.HSE_VALUE=8000000
RCC.HSI_VALUE=16000000
RCC.I2SClocksFreq_Value=96000000
RCC.IPParameters=48MHZClocksFreq_Value,AHBFreq_Value,APB1CLKDivider,APB1Freq_Value,APB1TimFreq_Value,APB2CLKDivider,APB2Freq_Value,APB2TimFreq_Value,CortexFreq_Value,EthernetFreq_Value,FCLKCortexFreq_Value,FamilyName,HCLKFreq_Value,HSE_VALUE,HSI_VALUE,I2SClocksFreq_Value,LSE_VALUE,LSI_VALUE,MCO2PinFreq_Value,PLLCLKFreq_Value,PLLM,PLLN,PLLQ,PLLQCLKFreq_Value,RTCFreq_Value,RTCHSEDivFreq_Value,SYSCLKFreq_VALUE,SYSCLKSource,VCOI2SOutputFreq_Value,VCOInputFreq_Value,VCOOutputFreq_Value,VcooutputI2S
RCC.LSE_VALUE=32768
RCC.LSI_VALUE=32000
RCC.MCO2PinFreq_Value=168000000
RCC.PLLCLKFreq_Value=168000000
RCC.PLLM=8
RCC.PLLN=336
RCC.PLLQ=7
RCC.PLLQCLKFreq_Value=48000000
RCC.RTCFreq_Value=32000
RCC.RTCHSEDivFreq_Value=4000000
RCC.SYSCLKFreq_VALUE=168000000
RCC.SYSCLKSource=RCC_SYSCLKSOURCE_PLLCLK
RCC.VCOI2SOutputFreq_Value=192000000
RCC.VCOInputFreq_Value=1000000
RCC.VCOOutputFreq_Value=336000000
RCC.VcooutputI2S=96000000
USB_DEVICE.CLASS_NAME-CDC_FS=CDC
USB_DEVICE.CLASS_NAME_FS=CDC
USB_DEVICE.IPParameters=VirtualMode-CDC_FS,VirtualModeFS,USBD_HandleTypeDef-CDC_FS,CLASS_NAME-CDC_FS,CLASS_NAME_FS
USB_DEVICE.USBD_HandleTypeDef-CDC_FS=hUsbDeviceFS
USB_DEVICE.VirtualMode-CDC_FS=Cdc
USB_DEVICE.VirtualModeFS=Cdc_FS
USB_OTG_FS.IPParameters=VirtualMode
USB_OTG_FS.VirtualMode=Device_Only
VP_SYS_VS_Systick.Mode=SysTick
VP_SYS_VS_Systick.Signal=SYS_VS_Systick
VP_USB_DEVICE_VS_USB_DEVICE_CDC_FS.Mode=CDC_FS
VP_USB_DEVICE_VS_USB_DEVICE_CDC_FS.Signal=USB_DEVICE_VS_USB_DEVICE_CDC_FS
board=STM32F4DISCOVERY
boardIOC=true
